
Microsoft Visual Studio Solution File, Format Version 12.00
# Visual Studio Version 17
VisualStudioVersion = 17.5.002.0
MinimumVisualStudioVersion = 10.0.40219.1
Project("{9A19103F-16F7-4668-BE54-9A1E7A4F7556}") = "event-scheduler.api", "event-scheduler.api.csproj", "{5C23BE1A-077F-4DFA-8667-34E16EEB90B3}"
EndProject
Global
	GlobalSection(SolutionConfigurationPlatforms) = preSolution
		Debug|Any CPU = Debug|Any CPU
		Release|Any CPU = Release|Any CPU
	EndGlobalSection
	GlobalSection(ProjectConfigurationPlatforms) = postSolution
		{5C23BE1A-077F-4DFA-8667-34E16EEB90B3}.Debug|Any CPU.ActiveCfg = Debug|Any CPU
		{5C23BE1A-077F-4DFA-8667-34E16EEB90B3}.Debug|Any CPU.Build.0 = Debug|Any CPU
		{5C23BE1A-077F-4DFA-8667-34E16EEB90B3}.Release|Any CPU.ActiveCfg = Release|Any CPU
		{5C23BE1A-077F-4DFA-8667-34E16EEB90B3}.Release|Any CPU.Build.0 = Release|Any CPU
	EndGlobalSection
	GlobalSection(SolutionProperties) = preSolution
		HideSolutionNode = FALSE
	EndGlobalSection
	GlobalSection(ExtensibilityGlobals) = postSolution
		SolutionGuid = {3CE51440-C9DA-4415-87CC-ECAE426B9119}
	EndGlobalSection
EndGlobal
